// !$*UTF8*$!
{
	archiveVersion = 1;
	classes = {
	};
	objectVersion = 55;
	objects = {

/* Begin PBXBuildFile section */
		4A9D18302907BAF700FE44DE /* SwiftUIMVVMDemoApp.swift in Sources */ = {isa = PBXBuildFile; fileRef = 4A9D182F2907BAF700FE44DE /* SwiftUIMVVMDemoApp.swift */; };
		4A9D18322907BAF700FE44DE /* ContentView.swift in Sources */ = {isa = PBXBuildFile; fileRef = 4A9D18312907BAF700FE44DE /* ContentView.swift */; };
		4A9D18342907BAF800FE44DE /* Assets.xcassets in Resources */ = {isa = PBXBuildFile; fileRef = 4A9D18332907BAF800FE44DE /* Assets.xcassets */; };
		4A9D18372907BAF800FE44DE /* Preview Assets.xcassets in Resources */ = {isa = PBXBuildFile; fileRef = 4A9D18362907BAF800FE44DE /* Preview Assets.xcassets */; };
		4A9D18412907BAF900FE44DE /* SwiftUIMVVMDemoTests.swift in Sources */ = {isa = PBXBuildFile; fileRef = 4A9D18402907BAF900FE44DE /* SwiftUIMVVMDemoTests.swift */; };
		4A9D184B2907BAF900FE44DE /* SwiftUIMVVMDemoUITests.swift in Sources */ = {isa = PBXBuildFile; fileRef = 4A9D184A2907BAF900FE44DE /* SwiftUIMVVMDemoUITests.swift */; };
		4A9D184D2907BAF900FE44DE /* SwiftUIMVVMDemoUITestsLaunchTests.swift in Sources */ = {isa = PBXBuildFile; fileRef = 4A9D184C2907BAF900FE44DE /* SwiftUIMVVMDemoUITestsLaunchTests.swift */; };
/* End PBXBuildFile section */

/* Begin PBXContainerItemProxy section */
		4A9D183D2907BAF900FE44DE /* PBXContainerItemProxy */ = {
			isa = PBXContainerItemProxy;
			containerPortal = 4A9D18242907BAF700FE44DE /* Project object */;
			proxyType = 1;
			remoteGlobalIDString = 4A9D182B2907BAF700FE44DE;
			remoteInfo = SwiftUIMVVMDemo;
		};
		4A9D18472907BAF900FE44DE /* PBXContainerItemProxy */ = {
			isa = PBXContainerItemProxy;
			containerPortal = 4A9D18242907BAF700FE44DE /* Project object */;
			proxyType = 1;
			remoteGlobalIDString = 4A9D182B2907BAF700FE44DE;
			remoteInfo = SwiftUIMVVMDemo;
		};
/* End PBXContainerItemProxy section */

/* Begin PBXFileReference section */
		4A9D182C2907BAF700FE44DE /* SwiftUIMVVMDemo.app */ = {isa = PBXFileReference; explicitFileType = wrapper.application; includeInIndex = 0; path = SwiftUIMVVMDemo.app; sourceTree = BUILT_PRODUCTS_DIR; };
		4A9D182F2907BAF700FE44DE /* SwiftUIMVVMDemoApp.swift */ = {isa = PBXFileReference; lastKnownFileType = sourcecode.swift; path = SwiftUIMVVMDemoApp.swift; sourceTree = "<group>"; };
		4A9D18312907BAF700FE44DE /* ContentView.swift */ = {isa = PBXFileReference; lastKnownFileType = sourcecode.swift; path = ContentView.swift; sourceTree = "<group>"; };
		4A9D18332907BAF800FE44DE /* Assets.xcassets */ = {isa = PBXFileReference; lastKnownFileType = folder.assetcatalog; path = Assets.xcassets; sourceTree = "<group>"; };
		4A9D18362907BAF800FE44DE /* Preview Assets.xcassets */ = {isa = PBXFileReference; lastKnownFileType = folder.assetcatalog; path = "Preview Assets.xcassets"; sourceTree = "<group>"; };
		4A9D183C2907BAF900FE44DE /* SwiftUIMVVMDemoTests.xctest */ = {isa = PBXFileReference; explicitFileType = wrapper.cfbundle; includeInIndex = 0; path = SwiftUIMVVMDemoTests.xctest; sourceTree = BUILT_PRODUCTS_DIR; };
		4A9D18402907BAF900FE44DE /* SwiftUIMVVMDemoTests.swift */ = {isa = PBXFileReference; lastKnownFileType = sourcecode.swift; path = SwiftUIMVVMDemoTests.swift; sourceTree = "<group>"; };
		4A9D18462907BAF900FE44DE /* SwiftUIMVVMDemoUITests.xctest */ = {isa = PBXFileReference; explicitFileType = wrapper.cfbundle; includeInIndex = 0; path = SwiftUIMVVMDemoUITests.xctest; sourceTree = BUILT_PRODUCTS_DIR; };
		4A9D184A2907BAF900FE44DE /* SwiftUIMVVMDemoUITests.swift */ = {isa = PBXFileReference; lastKnownFileType = sourcecode.swift; path = SwiftUIMVVMDemoUITests.swift; sourceTree = "<group>"; };
		4A9D184C2907BAF900FE44DE /* SwiftUIMVVMDemoUITestsLaunchTests.swift */ = {isa = PBXFileReference; lastKnownFileType = sourcecode.swift; path = SwiftUIMVVMDemoUITestsLaunchTests.swift; sourceTree = "<group>"; };
/* End PBXFileReference section */

/* Begin PBXFrameworksBuildPhase section */
		4A9D18292907BAF700FE44DE /* Frameworks */ = {
			isa = PBXFrameworksBuildPhase;
			buildActionMask = 2147483647;
			files = (
			);
			runOnlyForDeploymentPostprocessing = 0;
		};
		4A9D18392907BAF900FE44DE /* Frameworks */ = {
			isa = PBXFrameworksBuildPhase;
			buildActionMask = 2147483647;
			files = (
			);
			runOnlyForDeploymentPostprocessing = 0;
		};
		4A9D18432907BAF900FE44DE /* Frameworks */ = {
			isa = PBXFrameworksBuildPhase;
			buildActionMask = 2147483647;
			files = (
			);
			runOnlyForDeploymentPostprocessing = 0;
		};
/* End PBXFrameworksBuildPhase section */

/* Begin PBXGroup section */
		4A9D18232907BAF700FE44DE = {
			isa = PBXGroup;
			children = (
				4A9D182E2907BAF700FE44DE /* SwiftUIMVVMDemo */,
				4A9D183F2907BAF900FE44DE /* SwiftUIMVVMDemoTests */,
				4A9D18492907BAF900FE44DE /* SwiftUIMVVMDemoUITests */,
				4A9D182D2907BAF700FE44DE /* Products */,
			);
			sourceTree = "<group>";
		};
		4A9D182D2907BAF700FE44DE /* Products */ = {
			isa = PBXGroup;
			children = (
				4A9D182C2907BAF700FE44DE /* SwiftUIMVVMDemo.app */,
				4A9D183C2907BAF900FE44DE /* SwiftUIMVVMDemoTests.xctest */,
				4A9D18462907BAF900FE44DE /* SwiftUIMVVMDemoUITests.xctest */,
			);
			name = Products;
			sourceTree = "<group>";
		};
		4A9D182E2907BAF700FE44DE /* SwiftUIMVVMDemo */ = {
			isa = PBXGroup;
			children = (
				4A9D182F2907BAF700FE44DE /* SwiftUIMVVMDemoApp.swift */,
				4A9D18312907BAF700FE44DE /* ContentView.swift */,
				4A9D18332907BAF800FE44DE /* Assets.xcassets */,
				4A9D18352907BAF800FE44DE /* Preview Content */,
			);
			path = SwiftUIMVVMDemo;
			sourceTree = "<group>";
		};
		4A9D18352907BAF800FE44DE /* Preview Content */ = {
			isa = PBXGroup;
			children = (
				4A9D18362907BAF800FE44DE /* Preview Assets.xcassets */,
			);
			path = "Preview Content";
			sourceTree = "<group>";
		};
		4A9D183F2907BAF900FE44DE /* SwiftUIMVVMDemoTests */ = {
			isa = PBXGroup;
			children = (
				4A9D18402907BAF900FE44DE /* SwiftUIMVVMDemoTests.swift */,
			);
			path = SwiftUIMVVMDemoTests;
			sourceTree = "<group>";
		};
		4A9D18492907BAF900FE44DE /* SwiftUIMVVMDemoUITests */ = {
			isa = PBXGroup;
			children = (
				4A9D184A2907BAF900FE44DE /* SwiftUIMVVMDemoUITests.swift */,
				4A9D184C2907BAF900FE44DE /* SwiftUIMVVMDemoUITestsLaunchTests.swift */,
			);
			path = SwiftUIMVVMDemoUITests;
			sourceTree = "<group>";
		};
/* End PBXGroup section */

/* Begin PBXNativeTarget section */
		4A9D182B2907BAF700FE44DE /* SwiftUIMVVMDemo */ = {
			isa = PBXNativeTarget;
			buildConfigurationList = 4A9D18502907BAF900FE44DE /* Build configuration list for PBXNativeTarget "SwiftUIMVVMDemo" */;
			buildPhases = (
				4A9D18282907BAF700FE44DE /* Sources */,
				4A9D18292907BAF700FE44DE /* Frameworks */,
				4A9D182A2907BAF700FE44DE /* Resources */,
			);
			buildRules = (
			);
			dependencies = (
			);
			name = SwiftUIMVVMDemo;
			productName = SwiftUIMVVMDemo;
			productReference = 4A9D182C2907BAF700FE44DE /* SwiftUIMVVMDemo.app */;
			productType = "com.apple.product-type.application";
		};
		4A9D183B2907BAF900FE44DE /* SwiftUIMVVMDemoTests */ = {
			isa = PBXNativeTarget;
			buildConfigurationList = 4A9D18532907BAF900FE44DE /* Build configuration list for PBXNativeTarget "SwiftUIMVVMDemoTests" */;
			buildPhases = (
				4A9D18382907BAF900FE44DE /* Sources */,
				4A9D18392907BAF900FE44DE /* Frameworks */,
				4A9D183A2907BAF900FE44DE /* Resources */,
			);
			buildRules = (
			);
			dependencies = (
				4A9D183E2907BAF900FE44DE /* PBXTargetDependency */,
			);
			name = SwiftUIMVVMDemoTests;
			productName = SwiftUIMVVMDemoTests;
			productReference = 4A9D183C2907BAF900FE44DE /* SwiftUIMVVMDemoTests.xctest */;
			productType = "com.apple.product-type.bundle.unit-test";
		};
		4A9D18452907BAF900FE44DE /* SwiftUIMVVMDemoUITests */ = {
			isa = PBXNativeTarget;
			buildConfigurationList = 4A9D18562907BAF900FE44DE /* Build configuration list for PBXNativeTarget "SwiftUIMVVMDemoUITests" */;
			buildPhases = (
				4A9D18422907BAF900FE44DE /* Sources */,
				4A9D18432907BAF900FE44DE /* Frameworks */,
				4A9D18442907BAF900FE44DE /* Resources */,
			);
			buildRules = (
			);
			dependencies = (
				4A9D18482907BAF900FE44DE /* PBXTargetDependency */,
			);
			name = SwiftUIMVVMDemoUITests;
			productName = SwiftUIMVVMDemoUITests;
			productReference = 4A9D18462907BAF900FE44DE /* SwiftUIMVVMDemoUITests.xctest */;
			productType = "com.apple.product-type.bundle.ui-testing";
		};
/* End PBXNativeTarget section */

/* Begin PBXProject section */
		4A9D18242907BAF700FE44DE /* Project object */ = {
			isa = PBXProject;
			attributes = {
				BuildIndependentTargetsInParallel = 1;
				LastSwiftUpdateCheck = 1330;
				LastUpgradeCheck = 1330;
				TargetAttributes = {
					4A9D182B2907BAF700FE44DE = {
						CreatedOnToolsVersion = 13.3;
					};
					4A9D183B2907BAF900FE44DE = {
						CreatedOnToolsVersion = 13.3;
						TestTargetID = 4A9D182B2907BAF700FE44DE;
					};
					4A9D18452907BAF900FE44DE = {
						CreatedOnToolsVersion = 13.3;
						TestTargetID = 4A9D182B2907BAF700FE44DE;
					};
				};
			};
			buildConfigurationList = 4A9D18272907BAF700FE44DE /* Build configuration list for PBXProject "SwiftUIMVVMDemo" */;
			compatibilityVersion = "Xcode 13.0";
			developmentRegion = en;
			hasScannedForEncodings = 0;
			knownRegions = (
				en,
				Base,
			);
			mainGroup = 4A9D18232907BAF700FE44DE;
			productRefGroup = 4A9D182D2907BAF700FE44DE /* Products */;
			projectDirPath = "";
			projectRoot = "";
			targets = (
				4A9D182B2907BAF700FE44DE /* SwiftUIMVVMDemo */,
				4A9D183B2907BAF900FE44DE /* SwiftUIMVVMDemoTests */,
				4A9D18452907BAF900FE44DE /* SwiftUIMVVMDemoUITests */,
			);
		};
/* End PBXProject section */

/* Begin PBXResourcesBuildPhase section */
		4A9D182A2907BAF700FE44DE /* Resources */ = {
			isa = PBXResourcesBuildPhase;
			buildActionMask = 2147483647;
			files = (
				4A9D18372907BAF800FE44DE /* Preview Assets.xcassets in Resources */,
				4A9D18342907BAF800FE44DE /* Assets.xcassets in Resources */,
			);
			runOnlyForDeploymentPostprocessing = 0;
		};
		4A9D183A2907BAF900FE44DE /* Resources */ = {
			isa = PBXResourcesBuildPhase;
			buildActionMask = 2147483647;
			files = (
			);
			runOnlyForDeploymentPostprocessing = 0;
		};
		4A9D18442907BAF900FE44DE /* Resources */ = {
			isa = PBXResourcesBuildPhase;
			buildActionMask = 2147483647;
			files = (
			);
			runOnlyForDeploymentPostprocessing = 0;
		};
/* End PBXResourcesBuildPhase section */

/* Begin PBXSourcesBuildPhase section */
		4A9D18282907BAF700FE44DE /* Sources */ = {
			isa = PBXSourcesBuildPhase;
			buildActionMask = 2147483647;
			files = (
				4A9D18322907BAF700FE44DE /* ContentView.swift in Sources */,
				4A9D18302907BAF700FE44DE /* SwiftUIMVVMDemoApp.swift in Sources */,
			);
			runOnlyForDeploymentPostprocessing = 0;
		};
		4A9D18382907BAF900FE44DE /* Sources */ = {
			isa = PBXSourcesBuildPhase;
			buildActionMask = 2147483647;
			files = (
				4A9D18412907BAF900FE44DE /* SwiftUIMVVMDemoTests.swift in Sources */,
			);
			runOnlyForDeploymentPostprocessing = 0;
		};
		4A9D18422907BAF900FE44DE /* Sources */ = {
			isa = PBXSourcesBuildPhase;
			buildActionMask = 2147483647;
			files = (
				4A9D184B2907BAF900FE44DE /* SwiftUIMVVMDemoUITests.swift in Sources */,
				4A9D184D2907BAF900FE44DE /* SwiftUIMVVMDemoUITestsLaunchTests.swift in Sources */,
			);
			runOnlyForDeploymentPostprocessing = 0;
		};
/* End PBXSourcesBuildPhase section */

/* Begin PBXTargetDependency section */
		4A9D183E2907BAF900FE44DE /* PBXTargetDependency */ = {
			isa = PBXTargetDependency;
			target = 4A9D182B2907BAF700FE44DE /* SwiftUIMVVMDemo */;
			targetProxy = 4A9D183D2907BAF900FE44DE /* PBXContainerItemProxy */;
		};
		4A9D18482907BAF900FE44DE /* PBXTargetDependency */ = {
			isa = PBXTargetDependency;
			target = 4A9D182B2907BAF700FE44DE /* SwiftUIMVVMDemo */;
			targetProxy = 4A9D18472907BAF900FE44DE /* PBXContainerItemProxy */;
		};
/* End PBXTargetDependency section */

/* Begin XCBuildConfiguration section */
		4A9D184E2907BAF900FE44DE /* Debug */ = {
			isa = XCBuildConfiguration;
			buildSettings = {
				ALWAYS_SEARCH_USER_PATHS = NO;
				CLANG_ANALYZER_NONNULL = YES;
				CLANG_ANALYZER_NUMBER_OBJECT_CONVERSION = YES_AGGRESSIVE;
				CLANG_CXX_LANGUAGE_STANDARD = "gnu++17";
				CLANG_ENABLE_MODULES = YES;
				CLANG_ENABLE_OBJC_ARC = YES;
				CLANG_ENABLE_OBJC_WEAK = YES;
				CLANG_WARN_BLOCK_CAPTURE_AUTORELEASING = YES;
				CLANG_WARN_BOOL_CONVERSION = YES;
				CLANG_WARN_COMMA = YES;
				CLANG_WARN_CONSTANT_CONVERSION = YES;
				CLANG_WARN_DEPRECATED_OBJC_IMPLEMENTATIONS = YES;
				CLANG_WARN_DIRECT_OBJC_ISA_USAGE = YES_ERROR;
				CLANG_WARN_DOCUMENTATION_COMMENTS = YES;
				CLANG_WARN_EMPTY_BODY = YES;
				CLANG_WARN_ENUM_CONVERSION = YES;
				CLANG_WARN_INFINITE_RECURSION = YES;
				CLANG_WARN_INT_CONVERSION = YES;
				CLANG_WARN_NON_LITERAL_NULL_CONVERSION = YES;
				CLANG_WARN_OBJC_IMPLICIT_RETAIN_SELF = YES;
				CLANG_WARN_OBJC_LITERAL_CONVERSION = YES;
				CLANG_WARN_OBJC_ROOT_CLASS = YES_ERROR;
				CLANG_WARN_QUOTED_INCLUDE_IN_FRAMEWORK_HEADER = YES;
				CLANG_WARN_RANGE_LOOP_ANALYSIS = YES;
				CLANG_WARN_STRICT_PROTOTYPES = YES;
				CLANG_WARN_SUSPICIOUS_MOVE = YES;
				CLANG_WARN_UNGUARDED_AVAILABILITY = YES_AGGRESSIVE;
				CLANG_WARN_UNREACHABLE_CODE = YES;
				CLANG_WARN__DUPLICATE_METHOD_MATCH = YES;
				COPY_PHASE_STRIP = NO;
				DEBUG_INFORMATION_FORMAT = dwarf;
				ENABLE_STRICT_OBJC_MSGSEND = YES;
				ENABLE_TESTABILITY = YES;
				GCC_C_LANGUAGE_STANDARD = gnu11;
				GCC_DYNAMIC_NO_PIC = NO;
				GCC_NO_COMMON_BLOCKS = YES;
				GCC_OPTIMIZATION_LEVEL = 0;
				GCC_PREPROCESSOR_DEFINITIONS = (
					"DEBUG=1",
					"$(inherited)",
				);
				GCC_WARN_64_TO_32_BIT_CONVERSION = YES;
				GCC_WARN_ABOUT_RETURN_TYPE = YES_ERROR;
				GCC_WARN_UNDECLARED_SELECTOR = YES;
				GCC_WARN_UNINITIALIZED_AUTOS = YES_AGGRESSIVE;
				GCC_WARN_UNUSED_FUNCTION = YES;
				GCC_WARN_UNUSED_VARIABLE = YES;
				IPHONEOS_DEPLOYMENT_TARGET = 15.4;
				MTL_ENABLE_DEBUG_INFO = INCLUDE_SOURCE;
				MTL_FAST_MATH = YES;
				ONLY_ACTIVE_ARCH = YES;
				SDKROOT = iphoneos;
				SWIFT_ACTIVE_COMPILATION_CONDITIONS = DEBUG;
				SWIFT_OPTIMIZATION_LEVEL = "-Onone";
			};
			name = Debug;
		};
		4A9D184F2907BAF900FE44DE /* Release */ = {
			isa = XCBuildConfiguration;
			buildSettings = {
				ALWAYS_SEARCH_USER_PATHS = NO;
				CLANG_ANALYZER_NONNULL = YES;
				CLANG_ANALYZER_NUMBER_OBJECT_CONVERSION = YES_AGGRESSIVE;
				CLANG_CXX_LANGUAGE_STANDARD = "gnu++17";
				CLANG_ENABLE_MODULES = YES;
				CLANG_ENABLE_OBJC_ARC = YES;
				CLANG_ENABLE_OBJC_WEAK = YES;
				CLANG_WARN_BLOCK_CAPTURE_AUTORELEASING = YES;
				CLANG_WARN_BOOL_CONVERSION = YES;
				CLANG_WARN_COMMA = YES;
				CLANG_WARN_CONSTANT_CONVERSION = YES;
				CLANG_WARN_DEPRECATED_OBJC_IMPLEMENTATIONS = YES;
				CLANG_WARN_DIRECT_OBJC_ISA_USAGE = YES_ERROR;
				CLANG_WARN_DOCUMENTATION_COMMENTS = YES;
				CLANG_WARN_EMPTY_BODY = YES;
				CLANG_WARN_ENUM_CONVERSION = YES;
				CLANG_WARN_INFINITE_RECURSION = YES;
				CLANG_WARN_INT_CONVERSION = YES;
				CLANG_WARN_NON_LITERAL_NULL_CONVERSION = YES;
				CLANG_WARN_OBJC_IMPLICIT_RETAIN_SELF = YES;
				CLANG_WARN_OBJC_LITERAL_CONVERSION = YES;
				CLANG_WARN_OBJC_ROOT_CLASS = YES_ERROR;
				CLANG_WARN_QUOTED_INCLUDE_IN_FRAMEWORK_HEADER = YES;
				CLANG_WARN_RANGE_LOOP_ANALYSIS = YES;
				CLANG_WARN_STRICT_PROTOTYPES = YES;
				CLANG_WARN_SUSPICIOUS_MOVE = YES;
				CLANG_WARN_UNGUARDED_AVAILABILITY = YES_AGGRESSIVE;
				CLANG_WARN_UNREACHABLE_CODE = YES;
				CLANG_WARN__DUPLICATE_METHOD_MATCH = YES;
				COPY_PHASE_STRIP = NO;
				DEBUG_INFORMATION_FORMAT = "dwarf-with-dsym";
				ENABLE_NS_ASSERTIONS = NO;
				ENABLE_STRICT_OBJC_MSGSEND = YES;
				GCC_C_LANGUAGE_STANDARD = gnu11;
				GCC_NO_COMMON_BLOCKS = YES;
				GCC_WARN_64_TO_32_BIT_CONVERSION = YES;
				GCC_WARN_ABOUT_RETURN_TYPE = YES_ERROR;
				GCC_WARN_UNDECLARED_SELECTOR = YES;
				GCC_WARN_UNINITIALIZED_AUTOS = YES_AGGRESSIVE;
				GCC_WARN_UNUSED_FUNCTION = YES;
				GCC_WARN_UNUSED_VARIABLE = YES;
				IPHONEOS_DEPLOYMENT_TARGET = 15.4;
				MTL_ENABLE_DEBUG_INFO = NO;
				MTL_FAST_MATH = YES;
				SDKROOT = iphoneos;
				SWIFT_COMPILATION_MODE = wholemodule;
				SWIFT_OPTIMIZATION_LEVEL = "-O";
				VALIDATE_PRODUCT = YES;
			};
			name = Release;
		};
		4A9D18512907BAF900FE44DE /* Debug */ = {
			isa = XCBuildConfiguration;
			buildSettings = {
				ASSETCATALOG_COMPILER_APPICON_NAME = AppIcon;
				ASSETCATALOG_COMPILER_GLOBAL_ACCENT_COLOR_NAME = AccentColor;
				CODE_SIGN_STYLE = Automatic;
				CURRENT_PROJECT_VERSION = 1;
				DEVELOPMENT_ASSET_PATHS = "\"SwiftUIMVVMDemo/Preview Content\"";
				ENABLE_PREVIEWS = YES;
				GENERATE_INFOPLIST_FILE = YES;
				INFOPLIST_KEY_UIApplicationSceneManifest_Generation = YES;
				INFOPLIST_KEY_UIApplicationSupportsIndirectInputEvents = YES;
				INFOPLIST_KEY_UILaunchScreen_Generation = YES;
				INFOPLIST_KEY_UISupportedInterfaceOrientations_iPad = "UIInterfaceOrientationPortrait UIInterfaceOrientationPortraitUpsideDown UIInterfaceOrientationLandscapeLeft UIInterfaceOrientationLandscapeRight";
				INFOPLIST_KEY_UISupportedInterfaceOrientations_iPhone = "UIInterfaceOrientationPortrait UIInterfaceOrientationLandscapeLeft UIInterfaceOrientationLandscapeRight";
				LD_RUNPATH_SEARCH_PATHS = (
					"$(inherited)",
					"@executable_path/Frameworks",
				);
				MARKETING_VERSION = 1.0;
				PRODUCT_BUNDLE_IDENTIFIER = com.test.test.SwiftUIMVVMDemo;
				PRODUCT_NAME = "$(TARGET_NAME)";
				SWIFT_EMIT_LOC_STRINGS = YES;
				SWIFT_VERSION = 5.0;
				TARGETED_DEVICE_FAMILY = "1,2";
			};
			name = Debug;
		};
		4A9D18522907BAF900FE44DE /* Release */ = {
			isa = XCBuildConfiguration;
			buildSettings = {
				ASSETCATALOG_COMPILER_APPICON_NAME = AppIcon;
				ASSETCATALOG_COMPILER_GLOBAL_ACCENT_COLOR_NAME = AccentColor;
				CODE_SIGN_STYLE = Automatic;
				CURRENT_PROJECT_VERSION = 1;
				DEVELOPMENT_ASSET_PATHS = "\"SwiftUIMVVMDemo/Preview Content\"";
				ENABLE_PREVIEWS = YES;
				GENERATE_INFOPLIST_FILE = YES;
				INFOPLIST_KEY_UIApplicationSceneManifest_Generation = YES;
				INFOPLIST_KEY_UIApplicationSupportsIndirectInputEvents = YES;
				INFOPLIST_KEY_UILaunchScreen_Generation = YES;
				INFOPLIST_KEY_UISupportedInterfaceOrientations_iPad = "UIInterfaceOrientationPortrait UIInterfaceOrientationPortraitUpsideDown UIInterfaceOrientationLandscapeLeft UIInterfaceOrientationLandscapeRight";
				INFOPLIST_KEY_UISupportedInterfaceOrientations_iPhone = "UIInterfaceOrientationPortrait UIInterfaceOrientationLandscapeLeft UIInterfaceOrientationLandscapeRight";
				LD_RUNPATH_SEARCH_PATHS = (
					"$(inherited)",
					"@executable_path/Frameworks",
				);
				MARKETING_VERSION = 1.0;
				PRODUCT_BUNDLE_IDENTIFIER = com.test.test.SwiftUIMVVMDemo;
				PRODUCT_NAME = "$(TARGET_NAME)";
				SWIFT_EMIT_LOC_STRINGS = YES;
				SWIFT_VERSION = 5.0;
				TARGETED_DEVICE_FAMILY = "1,2";
			};
			name = Release;
		};
		4A9D18542907BAF900FE44DE /* Debug */ = {
			isa = XCBuildConfiguration;
			buildSettings = {
				ALWAYS_EMBED_SWIFT_STANDARD_LIBRARIES = YES;
				BUNDLE_LOADER = "$(TEST_HOST)";
				CODE_SIGN_STYLE = Automatic;
				CURRENT_PROJECT_VERSION = 1;
				GENERATE_INFOPLIST_FILE = YES;
				IPHONEOS_DEPLOYMENT_TARGET = 15.4;
				MARKETING_VERSION = 1.0;
				PRODUCT_BUNDLE_IDENTIFIER = com.test.test.SwiftUIMVVMDemoTests;
				PRODUCT_NAME = "$(TARGET_NAME)";
				SWIFT_EMIT_LOC_STRINGS = NO;
				SWIFT_VERSION = 5.0;
				TARGETED_DEVICE_FAMILY = "1,2";
				TEST_HOST = "$(BUILT_PRODUCTS_DIR)/SwiftUIMVVMDemo.app/SwiftUIMVVMDemo";
			};
			name = Debug;
		};
		4A9D18552907BAF900FE44DE /* Release */ = {
			isa = XCBuildConfiguration;
			buildSettings = {
				ALWAYS_EMBED_SWIFT_STANDARD_LIBRARIES = YES;
				BUNDLE_LOADER = "$(TEST_HOST)";
				CODE_SIGN_STYLE = Automatic;
				CURRENT_PROJECT_VERSION = 1;
				GENERATE_INFOPLIST_FILE = YES;
				IPHONEOS_DEPLOYMENT_TARGET = 15.4;
				MARKETING_VERSION = 1.0;
				PRODUCT_BUNDLE_IDENTIFIER = com.test.test.SwiftUIMVVMDemoTests;
				PRODUCT_NAME = "$(TARGET_NAME)";
				SWIFT_EMIT_LOC_STRINGS = NO;
				SWIFT_VERSION = 5.0;
				TARGETED_DEVICE_FAMILY = "1,2";
				TEST_HOST = "$(BUILT_PRODUCTS_DIR)/SwiftUIMVVMDemo.app/SwiftUIMVVMDemo";
			};
			name = Release;
		};
		4A9D18572907BAF900FE44DE /* Debug */ = {
			isa = XCBuildConfiguration;
			buildSettings = {
				ALWAYS_EMBED_SWIFT_STANDARD_LIBRARIES = YES;
				CODE_SIGN_STYLE = Automatic;
				CURRENT_PROJECT_VERSION = 1;
				GENERATE_INFOPLIST_FILE = YES;
				MARKETING_VERSION = 1.0;
				PRODUCT_BUNDLE_IDENTIFIER = com.test.test.SwiftUIMVVMDemoUITests;
				PRODUCT_NAME = "$(TARGET_NAME)";
				SWIFT_EMIT_LOC_STRINGS = NO;
				SWIFT_VERSION = 5.0;
				TARGETED_DEVICE_FAMILY = "1,2";
				TEST_TARGET_NAME = SwiftUIMVVMDemo;
			};
			name = Debug;
		};
		4A9D18582907BAF900FE44DE /* Release */ = {
			isa = XCBuildConfiguration;
			buildSettings = {
				ALWAYS_EMBED_SWIFT_STANDARD_LIBRARIES = YES;
				CODE_SIGN_STYLE = Automatic;
				CURRENT_PROJECT_VERSION = 1;
				GENERATE_INFOPLIST_FILE = YES;
				MARKETING_VERSION = 1.0;
				PRODUCT_BUNDLE_IDENTIFIER = com.test.test.SwiftUIMVVMDemoUITests;
				PRODUCT_NAME = "$(TARGET_NAME)";
				SWIFT_EMIT_LOC_STRINGS = NO;
				SWIFT_VERSION = 5.0;
				TARGETED_DEVICE_FAMILY = "1,2";
				TEST_TARGET_NAME = SwiftUIMVVMDemo;
			};
			name = Release;
		};
/* End XCBuildConfiguration section */

/* Begin XCConfigurationList section */
		4A9D18272907BAF700FE44DE /* Build configuration list for PBXProject "SwiftUIMVVMDemo" */ = {
			isa = XCConfigurationList;
			buildConfigurations = (
				4A9D184E2907BAF900FE44DE /* Debug */,
				4A9D184F2907BAF900FE44DE /* Release */,
			);
			defaultConfigurationIsVisible = 0;
			defaultConfigurationName = Release;
		};
		4A9D18502907BAF900FE44DE /* Build configuration list for PBXNativeTarget "SwiftUIMVVMDemo" */ = {
			isa = XCConfigurationList;
			buildConfigurations = (
				4A9D18512907BAF900FE44DE /* Debug */,
				4A9D18522907BAF900FE44DE /* Release */,
			);
			defaultConfigurationIsVisible = 0;
			defaultConfigurationName = Release;
		};
		4A9D18532907BAF900FE44DE /* Build configuration list for PBXNativeTarget "SwiftUIMVVMDemoTests" */ = {
			isa = XCConfigurationList;
			buildConfigurations = (
				4A9D18542907BAF900FE44DE /* Debug */,
				4A9D18552907BAF900FE44DE /* Release */,
			);
			defaultConfigurationIsVisible = 0;
			defaultConfigurationName = Release;
		};
		4A9D18562907BAF900FE44DE /* Build configuration list for PBXNativeTarget "SwiftUIMVVMDemoUITests" */ = {
			isa = XCConfigurationList;
			buildConfigurations = (
				4A9D18572907BAF900FE44DE /* Debug */,
				4A9D18582907BAF900FE44DE /* Release */,
			);
			defaultConfigurationIsVisible = 0;
			defaultConfigurationName = Release;
		};
/* End XCConfigurationList section */
	};
	rootObject = 4A9D18242907BAF700FE44DE /* Project object */;
}
